
Microsoft Visual Studio Solution File, Format Version 12.00
# Visual Studio Version 17
VisualStudioVersion = 17.1.31911.260
MinimumVisualStudioVersion = 10.0.40219.1
Project("{FAE04EC0-301F-11D3-BF4B-00C04F79EFBC}") = "DependencyInjection", "DependencyInjection.csproj", "{5FF21724-97FA-4016-98C6-95C458CEBBA8}"
EndProject
Global
	GlobalSection(SolutionConfigurationPlatforms) = preSolution
		Debug|Any CPU = Debug|Any CPU
		Release|Any CPU = Release|Any CPU
	EndGlobalSection
	GlobalSection(ProjectConfigurationPlatforms) = postSolution
		{5FF21724-97FA-4016-98C6-95C458CEBBA8}.Debug|Any CPU.ActiveCfg = Debug|Any CPU
		{5FF21724-97FA-4016-98C6-95C458CEBBA8}.Debug|Any CPU.Build.0 = Debug|Any CPU
		{5FF21724-97FA-4016-98C6-95C458CEBBA8}.Release|Any CPU.ActiveCfg = Release|Any CPU
		{5FF21724-97FA-4016-98C6-95C458CEBBA8}.Release|Any CPU.Build.0 = Release|Any CPU
	EndGlobalSection
	GlobalSection(SolutionProperties) = preSolution
		HideSolutionNode = FALSE
	EndGlobalSection
	GlobalSection(ExtensibilityGlobals) = postSolution
		SolutionGuid = {9D9F0156-385B-4A80-96D5-871F72F14B44}
	EndGlobalSection
EndGlobal
